
Microsoft Visual Studio Solution File, Format Version 12.00
# Visual Studio Version 17
VisualStudioVersion = 17.11.35327.3
MinimumVisualStudioVersion = 10.0.40219.1
Project("{9A19103F-16F7-4668-BE54-9A1E7A4F7556}") = "ProdutoAPI", "ProdutoAPI.csproj", "{021B3777-3FCA-405D-8D7A-63835E594477}"
EndProject
Project("{FAE04EC0-301F-11D3-BF4B-00C04F79EFBC}") = "ProdutoAPITests", "..\ProdutoAPITests\ProdutoAPITests.csproj", "{50A45783-5322-4EE4-8B99-A364D9A2D904}"
EndProject
Global
	GlobalSection(SolutionConfigurationPlatforms) = preSolution
		Debug|Any CPU = Debug|Any CPU
		Release|Any CPU = Release|Any CPU
	EndGlobalSection
	GlobalSection(ProjectConfigurationPlatforms) = postSolution
		{021B3777-3FCA-405D-8D7A-63835E594477}.Debug|Any CPU.ActiveCfg = Debug|Any CPU
		{021B3777-3FCA-405D-8D7A-63835E594477}.Debug|Any CPU.Build.0 = Debug|Any CPU
		{021B3777-3FCA-405D-8D7A-63835E594477}.Release|Any CPU.ActiveCfg = Release|Any CPU
		{021B3777-3FCA-405D-8D7A-63835E594477}.Release|Any CPU.Build.0 = Release|Any CPU
		{50A45783-5322-4EE4-8B99-A364D9A2D904}.Debug|Any CPU.ActiveCfg = Debug|Any CPU
		{50A45783-5322-4EE4-8B99-A364D9A2D904}.Debug|Any CPU.Build.0 = Debug|Any CPU
		{50A45783-5322-4EE4-8B99-A364D9A2D904}.Release|Any CPU.ActiveCfg = Release|Any CPU
		{50A45783-5322-4EE4-8B99-A364D9A2D904}.Release|Any CPU.Build.0 = Release|Any CPU
	EndGlobalSection
	GlobalSection(SolutionProperties) = preSolution
		HideSolutionNode = FALSE
	EndGlobalSection
	GlobalSection(ExtensibilityGlobals) = postSolution
		SolutionGuid = {F087E966-1C71-496A-BB99-F02CB5697073}
	EndGlobalSection
EndGlobal
